
Microsoft Visual Studio Solution File, Format Version 12.00
# Visual Studio Version 16
VisualStudioVersion = 16.0.30104.148
MinimumVisualStudioVersion = 10.0.40219.1
Project("{FAE04EC0-301F-11D3-BF4B-00C04F79EFBC}") = "LearningWebApp", "LearningWebApp\LearningWebApp.csproj", "{7E7A857D-5277-4058-AFA6-EF8FFB89339A}"
EndProject
Global
	GlobalSection(SolutionConfigurationPlatforms) = preSolution
		Debug|Any CPU = Debug|Any CPU
		Release|Any CPU = Release|Any CPU
	EndGlobalSection
	GlobalSection(ProjectConfigurationPlatforms) = postSolution
		{7E7A857D-5277-4058-AFA6-EF8FFB89339A}.Debug|Any CPU.ActiveCfg = Debug|Any CPU
		{7E7A857D-5277-4058-AFA6-EF8FFB89339A}.Debug|Any CPU.Build.0 = Debug|Any CPU
		{7E7A857D-5277-4058-AFA6-EF8FFB89339A}.Release|Any CPU.ActiveCfg = Release|Any CPU
		{7E7A857D-5277-4058-AFA6-EF8FFB89339A}.Release|Any CPU.Build.0 = Release|Any CPU
	EndGlobalSection
	GlobalSection(SolutionProperties) = preSolution
		HideSolutionNode = FALSE
	EndGlobalSection
	GlobalSection(ExtensibilityGlobals) = postSolution
		SolutionGuid = {1C66DD41-743F-4221-A78A-16A687370DF2}
	EndGlobalSection
EndGlobal
